
Microsoft Visual Studio Solution File, Format Version 9.00
# Visual Studio 2005
Project("{FAE04EC0-301F-11D3-BF4B-00C04F79EFBC}") = "LogamCliente", "LogamCliente2.0\LogamCliente.csproj", "{D485132B-3179-4C33-A56C-A8D6486E158C}"
EndProject
Global
	GlobalSection(SolutionConfigurationPlatforms) = preSolution
		Debug|Any CPU = Debug|Any CPU
		Release|Any CPU = Release|Any CPU
	EndGlobalSection
	GlobalSection(ProjectConfigurationPlatforms) = postSolution
		{D485132B-3179-4C33-A56C-A8D6486E158C}.Debug|Any CPU.ActiveCfg = Debug|Any CPU
		{D485132B-3179-4C33-A56C-A8D6486E158C}.Debug|Any CPU.Build.0 = Debug|Any CPU
		{D485132B-3179-4C33-A56C-A8D6486E158C}.Debug|Any CPU.Deploy.0 = Debug|Any CPU
		{D485132B-3179-4C33-A56C-A8D6486E158C}.Release|Any CPU.ActiveCfg = Release|Any CPU
		{D485132B-3179-4C33-A56C-A8D6486E158C}.Release|Any CPU.Build.0 = Release|Any CPU
		{D485132B-3179-4C33-A56C-A8D6486E158C}.Release|Any CPU.Deploy.0 = Release|Any CPU
	EndGlobalSection
	GlobalSection(SolutionProperties) = preSolution
		HideSolutionNode = FALSE
	EndGlobalSection
EndGlobal
